version = 1
revision = 3
requires-python = ">=3.10"

[[package]]
name = "colorama"
version = "0.4.6"
source = { registry = "https://pypi.org/simple" }
sdist = { url = "https://files.pythonhosted.org/packages/d8/53/6f443c9a4a8358a93a6792e2acffb9d9d5cb0a5cfd8802644b7b1c9a02e4/colorama-0.4.6.tar.gz", hash = "sha256:08695f5cb7ed6e0531a20572697297273c47b8cae5a63ffc6d6ed5c201be6e44", size = 27697, upload-time = "2022-10-25T02:36:22.414Z" }
wheels = [
    { url = "https://files.pythonhosted.org/packages/d1/d6/3965ed04c63042e047cb6a3e6ed1a63a35087b6a609aa3a15ed8ac56c221/colorama-0.4.6-py2.py3-none-any.whl", hash = "sha256:4f1d9991f5acc0ca119f9d443620b77f9d6b33703e51011c16baf57afb285fc6", size = 25335, upload-time = "2022-10-25T02:36:20.889Z" },
]

[[package]]
name = "nvidia-ml-py"
version = "13.595.45"
source = { registry = "https://pypi.org/simple" }
sdist = { url = "https://files.pythonhosted.org/packages/ce/49/c29f6e30d8662d2e94fef17739ea7309cc76aba269922ae999e4cc07f268/nvidia_ml_py-13.595.45.tar.gz", hash = "sha256:c9f34897fe0441ff35bc8f35baf80f830a20b0f4e6ce71e0a325bc0e66acf079", size = 50780, upload-time = "2026-03-19T16:59:44.956Z" }
wheels = [
    { url = "https://files.pythonhosted.org/packages/8a/24/fc256107d23597fa33d319505ce77160fa1a2349c096d01901ffc7cb7fc4/nvidia_ml_py-13.595.45-py3-none-any.whl", hash = "sha256:b65a7977f503d56154b14d683710125ef93594adb63fbf7e559336e3318f1376", size = 51776, upload-time = "2026-03-19T16:59:43.603Z" },
]

[[package]]
name = "nvitop"
version = "1.7.0"
source = { registry = "https://pypi.org/simple" }
dependencies = [
    { name = "colorama", marker = "sys_platform == 'win32'" },
    { name = "nvidia-ml-py" },
    { name = "psutil" },
    { name = "windows-curses", marker = "sys_platform == 'win32'" },
]
sdist = { url = "https://files.pythonhosted.org/packages/31/cf/865f4aa73c2433fd84af1305addcbd4ea70b80bc5fd41ca71b069b63e21b/nvitop-1.7.0.tar.gz", hash = "sha256:ce8831855f3af0f70f49c009a1f52621a3bddece8752ebb2332dc332bf8a8384", size = 220373, upload-time = "2026-05-16T07:51:06.452Z" }
wheels = [
    { url = "https://files.pythonhosted.org/packages/ae/a3/1e34daf9b018e234f9d1ac742dd96446afbdba64ea9e916150550b4bdd8c/nvitop-1.7.0-py3-none-any.whl", hash = "sha256:a7820b90172d20eea8b45595d680e07a199359cb6f22407b6460a7b518d28842", size = 205964, upload-time = "2026-05-16T07:51:03.921Z" },
]

[[package]]
name = "psutil"
version = "7.2.2"
source = { registry = "https://pypi.org/simple" }
sdist = { url = "https://files.pythonhosted.org/packages/aa/c6/d1ddf4abb55e93cebc4f2ed8b5d6dbad109ecb8d63748dd2b20ab5e57ebe/psutil-7.2.2.tar.gz", hash = "sha256:0746f5f8d406af344fd547f1c8daa5f5c33dbc293bb8d6a16d80b4bb88f59372", size = 493740, upload-time = "2026-01-28T18:14:54.428Z" }
wheels = [
    { url = "https://files.pythonhosted.org/packages/51/08/510cbdb69c25a96f4ae523f733cdc963ae654904e8db864c07585ef99875/psutil-7.2.2-cp313-cp313t-macosx_10_13_x86_64.whl", hash = "sha256:2edccc433cbfa046b980b0df0171cd25bcaeb3a68fe9022db0979e7aa74a826b", size = 130595, upload-time = "2026-01-28T18:14:57.293Z" },
    { url = "https://files.pythonhosted.org/packages/d6/f5/97baea3fe7a5a9af7436301f85490905379b1c6f2dd51fe3ecf24b4c5fbf/psutil-7.2.2-cp313-cp313t-macosx_11_0_arm64.whl", hash = "sha256:e78c8603dcd9a04c7364f1a3e670cea95d51ee865e4efb3556a3a63adef958ea", size = 131082, upload-time = "2026-01-28T18:14:59.732Z" },
    { url = "https://files.pythonhosted.org/packages/37/d6/246513fbf9fa174af531f28412297dd05241d97a75911ac8febefa1a53c6/psutil-7.2.2-cp313-cp313t-manylinux2010_x86_64.manylinux_2_12_x86_64.manylinux_2_28_x86_64.whl", hash = "sha256:1a571f2330c966c62aeda00dd24620425d4b0cc86881c89861fbc04549e5dc63", size = 181476, upload-time = "2026-01-28T18:15:01.884Z" },
    { url = "https://files.pythonhosted.org/packages/b8/b5/9182c9af3836cca61696dabe4fd1304e17bc56cb62f17439e1154f225dd3/psutil-7.2.2-cp313-cp313t-manylinux2014_aarch64.manylinux_2_17_aarch64.manylinux_2_28_aarch64.whl", hash = "sha256:917e891983ca3c1887b4ef36447b1e0873e70c933afc831c6b6da078ba474312", size = 184062, upload-time = "2026-01-28T18:15:04.436Z" },
    { url = "https://files.pythonhosted.org/packages/16/ba/0756dca669f5a9300d0cbcbfae9a4c30e446dfc7440ffe43ded5724bfd93/psutil-7.2.2-cp313-cp313t-win_amd64.whl", hash = "sha256:ab486563df44c17f5173621c7b198955bd6b613fb87c71c161f827d3fb149a9b", size = 139893, upload-time = "2026-01-28T18:15:06.378Z" },
    { url = "https://files.pythonhosted.org/packages/1c/61/8fa0e26f33623b49949346de05ec1ddaad02ed8ba64af45f40a147dbfa97/psutil-7.2.2-cp313-cp313t-win_arm64.whl", hash = "sha256:ae0aefdd8796a7737eccea863f80f81e468a1e4cf14d926bd9b6f5f2d5f90ca9", size = 135589, upload-time = "2026-01-28T18:15:08.03Z" },
    { url = "https://files.pythonhosted.org/packages/81/69/ef179ab5ca24f32acc1dac0c247fd6a13b501fd5534dbae0e05a1c48b66d/psutil-7.2.2-cp314-cp314t-macosx_10_15_x86_64.whl", hash = "sha256:eed63d3b4d62449571547b60578c5b2c4bcccc5387148db46e0c2313dad0ee00", size = 130664, upload-time = "2026-01-28T18:15:09.469Z" },
    { url = "https://files.pythonhosted.org/packages/7b/64/665248b557a236d3fa9efc378d60d95ef56dd0a490c2cd37dafc7660d4a9/psutil-7.2.2-cp314-cp314t-macosx_11_0_arm64.whl", hash = "sha256:7b6d09433a10592ce39b13d7be5a54fbac1d1228ed29abc880fb23df7cb694c9", size = 131087, upload-time = "2026-01-28T18:15:11.724Z" },
    { url = "https://files.pythonhosted.org/packages/d5/2e/e6782744700d6759ebce3043dcfa661fb61e2fb752b91cdeae9af12c2178/psutil-7.2.2-cp314-cp314t-manylinux2010_x86_64.manylinux_2_12_x86_64.manylinux_2_28_x86_64.whl", hash = "sha256:1fa4ecf83bcdf6e6c8f4449aff98eefb5d0604bf88cb883d7da3d8d2d909546a", size = 182383, upload-time = "2026-01-28T18:15:13.445Z" },
    { url = "https://files.pythonhosted.org/packages/57/49/0a41cefd10cb7505cdc04dab3eacf24c0c2cb158a998b8c7b1d27ee2c1f5/psutil-7.2.2-cp314-cp314t-manylinux2014_aarch64.manylinux_2_17_aarch64.manylinux_2_28_aarch64.whl", hash = "sha256:e452c464a02e7dc7822a05d25db4cde564444a67e58539a00f929c51eddda0cf", size = 185210, upload-time = "2026-01-28T18:15:16.002Z" },
    { url = "https://files.pythonhosted.org/packages/dd/2c/ff9bfb544f283ba5f83ba725a3c5fec6d6b10b8f27ac1dc641c473dc390d/psutil-7.2.2-cp314-cp314t-win_amd64.whl", hash = "sha256:c7663d4e37f13e884d13994247449e9f8f574bc4655d509c3b95e9ec9e2b9dc1", size = 141228, upload-time = "2026-01-28T18:15:18.385Z" },
    { url = "https://files.pythonhosted.org/packages/f2/fc/f8d9c31db14fcec13748d373e668bc3bed94d9077dbc17fb0eebc073233c/psutil-7.2.2-cp314-cp314t-win_arm64.whl", hash = "sha256:11fe5a4f613759764e79c65cf11ebdf26e33d6dd34336f8a337aa2996d71c841", size = 136284, upload-time = "2026-01-28T18:15:19.912Z" },
    { url = "https://files.pythonhosted.org/packages/e7/36/5ee6e05c9bd427237b11b3937ad82bb8ad2752d72c6969314590dd0c2f6e/psutil-7.2.2-cp36-abi3-macosx_10_9_x86_64.whl", hash = "sha256:ed0cace939114f62738d808fdcecd4c869222507e266e574799e9c0faa17d486", size = 129090, upload-time = "2026-01-28T18:15:22.168Z" },
    { url = "https://files.pythonhosted.org/packages/80/c4/f5af4c1ca8c1eeb2e92ccca14ce8effdeec651d5ab6053c589b074eda6e1/psutil-7.2.2-cp36-abi3-macosx_11_0_arm64.whl", hash = "sha256:1a7b04c10f32cc88ab39cbf606e117fd74721c831c98a27dc04578deb0c16979", size = 129859, upload-time = "2026-01-28T18:15:23.795Z" },
    { url = "https://files.pythonhosted.org/packages/b5/70/5d8df3b09e25bce090399cf48e452d25c935ab72dad19406c77f4e828045/psutil-7.2.2-cp36-abi3-manylinux2010_x86_64.manylinux_2_12_x86_64.manylinux_2_28_x86_64.whl", hash = "sha256:076a2d2f923fd4821644f5ba89f059523da90dc9014e85f8e45a5774ca5bc6f9", size = 155560, upload-time = "2026-01-28T18:15:25.976Z" },
    { url = "https://files.pythonhosted.org/packages/63/65/37648c0c158dc222aba51c089eb3bdfa238e621674dc42d48706e639204f/psutil-7.2.2-cp36-abi3-manylinux2014_aarch64.manylinux_2_17_aarch64.manylinux_2_28_aarch64.whl", hash = "sha256:b0726cecd84f9474419d67252add4ac0cd9811b04d61123054b9fb6f57df6e9e", size = 156997, upload-time = "2026-01-28T18:15:27.794Z" },
    { url = "https://files.pythonhosted.org/packages/8e/13/125093eadae863ce03c6ffdbae9929430d116a246ef69866dad94da3bfbc/psutil-7.2.2-cp36-abi3-musllinux_1_2_aarch64.whl", hash = "sha256:fd04ef36b4a6d599bbdb225dd1d3f51e00105f6d48a28f006da7f9822f2606d8", size = 148972, upload-time = "2026-01-28T18:15:29.342Z" },
    { url = "https://files.pythonhosted.org/packages/04/78/0acd37ca84ce3ddffaa92ef0f571e073faa6d8ff1f0559ab1272188ea2be/psutil-7.2.2-cp36-abi3-musllinux_1_2_x86_64.whl", hash = "sha256:b58fabe35e80b264a4e3bb23e6b96f9e45a3df7fb7eed419ac0e5947c61e47cc", size = 148266, upload-time = "2026-01-28T18:15:31.597Z" },
    { url = "https://files.pythonhosted.org/packages/b4/90/e2159492b5426be0c1fef7acba807a03511f97c5f86b3caeda6ad92351a7/psutil-7.2.2-cp37-abi3-win_amd64.whl", hash = "sha256:eb7e81434c8d223ec4a219b5fc1c47d0417b12be7ea866e24fb5ad6e84b3d988", size = 137737, upload-time = "2026-01-28T18:15:33.849Z" },
    { url = "https://files.pythonhosted.org/packages/8c/c7/7bb2e321574b10df20cbde462a94e2b71d05f9bbda251ef27d104668306a/psutil-7.2.2-cp37-abi3-win_arm64.whl", hash = "sha256:8c233660f575a5a89e6d4cb65d9f938126312bca76d8fe087b947b3a1aaac9ee", size = 134617, upload-time = "2026-01-28T18:15:36.514Z" },
]

[[package]]
name = "resourcesmdashboard"
version = "0.1.0"
source = { virtual = "." }
dependencies = [
    { name = "nvitop" },
    { name = "psutil" },
]

[package.metadata]
requires-dist = [
    { name = "nvitop", specifier = ">=1.7.0" },
    { name = "psutil", specifier = ">=5.9.0" },
]

[[package]]
name = "windows-curses"
version = "2.4.2"
source = { registry = "https://pypi.org/simple" }
wheels = [
    { url = "https://files.pythonhosted.org/packages/d1/6c/21393045010dd74887c71f1738f2bb1e60758c04d74cc97cefc03731a6d6/windows_curses-2.4.2-cp310-cp310-win32.whl", hash = "sha256:fb55b40df1dd8633f431307f204293ca2a0b4f928927490509f1bf68beef3cfe", size = 71143, upload-time = "2026-03-31T12:44:33.2Z" },
    { url = "https://files.pythonhosted.org/packages/1c/aa/4a67a104ab4d6ac4d5d5f8f80363feec688d7846180c5ca69327f602196a/windows_curses-2.4.2-cp310-cp310-win_amd64.whl", hash = "sha256:0ff2a0884cb78d48e15eea1e274f73c1f5a780a4b872357724c17b39de75c996", size = 81848, upload-time = "2026-03-31T12:44:34.869Z" },
    { url = "https://files.pythonhosted.org/packages/d1/58/5fd430fec0ebe1cef88ddccba345ca119f1b44e58f58d6998878a01c9973/windows_curses-2.4.2-cp311-cp311-win32.whl", hash = "sha256:ecf7af9c97002af661d3e47b9c5eb31cdb7629a032adcdab46530efea8ba1864", size = 71135, upload-time = "2026-03-31T12:44:35.863Z" },
    { url = "https://files.pythonhosted.org/packages/84/62/e2bae0ab9c5c80dca9a708a4cb9c8afaf0ef61c8d4459b57f96785040831/windows_curses-2.4.2-cp311-cp311-win_amd64.whl", hash = "sha256:03c4ef0095ab8212ed964236d51b4d8c815f302c5a7de94831dae468f05ce333", size = 81863, upload-time = "2026-03-31T12:44:36.834Z" },
    { url = "https://files.pythonhosted.org/packages/2e/9c/b2a3706c8edadae8ae88b327ba072d6056ad1b492f9996214cff027e9f01/windows_curses-2.4.2-cp312-cp312-win32.whl", hash = "sha256:7ec4629685add716d494e8fbdd0b83485de726e9deeda57d30e742c77a32a156", size = 71547, upload-time = "2026-03-31T12:44:37.797Z" },
    { url = "https://files.pythonhosted.org/packages/8b/ee/8c5da36191524856fb2c675f8cae99211ccf77bcd4e4a9010477e08000ac/windows_curses-2.4.2-cp312-cp312-win_amd64.whl", hash = "sha256:df782859176f9e8142618e4966d6cee7a53a8b1c819faeb6e606a60fa4f8972a", size = 82282, upload-time = "2026-03-31T12:44:39.106Z" },
    { url = "https://files.pythonhosted.org/packages/b1/54/195f2c4d0258ced34a401c8e3c9eefa2aa2221a9f0179ae64ad3cb039e64/windows_curses-2.4.2-cp313-cp313-win32.whl", hash = "sha256:248bf3f1d973e92ca193b1ea8a626ec7f81a66be6f6d6c5e31ff82056453678d", size = 71458, upload-time = "2026-03-31T12:44:40.184Z" },
    { url = "https://files.pythonhosted.org/packages/47/e8/38fd0fef95271280a77a4f3b65e0961d3c39716388b39c08b3040bfb4f2c/windows_curses-2.4.2-cp313-cp313-win_amd64.whl", hash = "sha256:1bf3d0c902374b6c430a954adcb686a5ecd7a31fc4195d31136385b5c1bea925", size = 82200, upload-time = "2026-03-31T12:44:41.503Z" },
    { url = "https://files.pythonhosted.org/packages/d2/22/f90c7d1d83464eb63345802f33e8de41bd732521d9a60a69ad985c8faa90/windows_curses-2.4.2-cp314-cp314-win32.whl", hash = "sha256:a970bf067b3126251423b4da051ef8c1c77acf6294ec96a7d6de7f6b9e5c27a0", size = 77028, upload-time = "2026-03-31T12:44:42.611Z" },
    { url = "https://files.pythonhosted.org/packages/6f/6a/1f8754de746474a049a841e139b443b250a96908d6913ccf2db9a4303584/windows_curses-2.4.2-cp314-cp314-win_amd64.whl", hash = "sha256:6c22cb0310500dfbfe54c76354e37070e300d5473596d48ac4f9c65b2d578b6f", size = 86361, upload-time = "2026-03-31T12:44:43.893Z" },
]
